// !$*UTF8*$!
{
	archiveVersion = 1;
	classes = {
	};
	objectVersion = 55;
	objects = {

/* Begin PBXBuildFile section */
		57BAF4E128E4CB6600D376CD /* SetListViewController2.swift in Sources */ = {isa = PBXBuildFile; fileRef = 57BAF4E028E4CB6600D376CD /* SetListViewController2.swift */; };
		57BAF4E328E4D0AC00D376CD /* Set.swift in Sources */ = {isa = PBXBuildFile; fileRef = 57BAF4E228E4D0AC00D376CD /* Set.swift */; };
		57BAF4E528E4D28200D376CD /* SetTableViewCell.swift in Sources */ = {isa = PBXBuildFile; fileRef = 57BAF4E428E4D28200D376CD /* SetTableViewCell.swift */; };
		981BB788B0F0D2CA3D13FA69 /* Pods_Project_19Tests.framework in Frameworks */ = {isa = PBXBuildFile; fileRef = EC02E234EB48E2A6F9C8EB11 /* Pods_Project_19Tests.framework */; };
		AE95D72C177F981E86F6143F /* Pods_Project_19_Project_19UITests.framework in Frameworks */ = {isa = PBXBuildFile; fileRef = 5F574123F411C2BF09B09CE7 /* Pods_Project_19_Project_19UITests.framework */; };
		C8886BA328C6A361008B2D37 /* AppDelegate.swift in Sources */ = {isa = PBXBuildFile; fileRef = C8886BA228C6A361008B2D37 /* AppDelegate.swift */; };
		C8886BA528C6A361008B2D37 /* ViewController.swift in Sources */ = {isa = PBXBuildFile; fileRef = C8886BA428C6A361008B2D37 /* ViewController.swift */; };
		C8886BA728C6A361008B2D37 /* Experience.rcproject in Sources */ = {isa = PBXBuildFile; fileRef = C8886BA628C6A361008B2D37 /* Experience.rcproject */; };
		C8886BAC28C6A365008B2D37 /* Assets.xcassets in Resources */ = {isa = PBXBuildFile; fileRef = C8886BAB28C6A365008B2D37 /* Assets.xcassets */; };
		C8886BAF28C6A365008B2D37 /* LaunchScreen.storyboard in Resources */ = {isa = PBXBuildFile; fileRef = C8886BAD28C6A365008B2D37 /* LaunchScreen.storyboard */; };
		C8886BB928C6A366008B2D37 /* Project_19Tests.swift in Sources */ = {isa = PBXBuildFile; fileRef = C8886BB828C6A366008B2D37 /* Project_19Tests.swift */; };
		C8886BC328C6A366008B2D37 /* Project_19UITests.swift in Sources */ = {isa = PBXBuildFile; fileRef = C8886BC228C6A366008B2D37 /* Project_19UITests.swift */; };
		C8886BC528C6A366008B2D37 /* Project_19UITestsLaunchTests.swift in Sources */ = {isa = PBXBuildFile; fileRef = C8886BC428C6A366008B2D37 /* Project_19UITestsLaunchTests.swift */; };
		C88CDC2C293974C900E417DA /* ThumbnailGenerator.swift in Sources */ = {isa = PBXBuildFile; fileRef = C88CDC2B293974C900E417DA /* ThumbnailGenerator.swift */; };
		C88CDC2E293C16A600E417DA /* room-set.usdz in Resources */ = {isa = PBXBuildFile; fileRef = C88CDC2D293C16A600E417DA /* room-set.usdz */; };
		C88CDC30293C187200E417DA /* stair-set.usdz in Resources */ = {isa = PBXBuildFile; fileRef = C88CDC2F293C187200E417DA /* stair-set.usdz */; };
		C8B718E9293C245600B95F1B /* pokemart-set.usdz in Resources */ = {isa = PBXBuildFile; fileRef = C8B718E8293C245600B95F1B /* pokemart-set.usdz */; };
		C8B718EB293C248400B95F1B /* swing-set.usdz in Resources */ = {isa = PBXBuildFile; fileRef = C8B718EA293C248400B95F1B /* swing-set.usdz */; };
		C8B718ED293D23D100B95F1B /* metalroom_door-set.usdz in Resources */ = {isa = PBXBuildFile; fileRef = C8B718EC293D23D100B95F1B /* metalroom_door-set.usdz */; };
		C8B9C3A02925357100D585CD /* Pokemon_-_Magikarp.usdz in Resources */ = {isa = PBXBuildFile; fileRef = C8B9C39F2925357100D585CD /* Pokemon_-_Magikarp.usdz */; };
		C8B9C3A22925806700D585CD /* Pokemon_Jigglypuff.usdz in Resources */ = {isa = PBXBuildFile; fileRef = C8B9C3A12925806700D585CD /* Pokemon_Jigglypuff.usdz */; };
		C8C8FBF229241227001F8996 /* Samba_Dancing_Pikachu.usdz in Resources */ = {isa = PBXBuildFile; fileRef = C8C8FBF129241227001F8996 /* Samba_Dancing_Pikachu.usdz */; };
		C8F8EEC028EDD36800FA12B4 /* ARViewController.swift in Sources */ = {isa = PBXBuildFile; fileRef = C8F8EEBF28EDD36800FA12B4 /* ARViewController.swift */; };
		CCA0A2B9291B21A800562DB2 /* TagPickerViewController.swift in Sources */ = {isa = PBXBuildFile; fileRef = CCA0A2B8291B21A800562DB2 /* TagPickerViewController.swift */; };
		CCA0A2BB291B274100562DB2 /* TagDataSource.swift in Sources */ = {isa = PBXBuildFile; fileRef = CCA0A2BA291B274100562DB2 /* TagDataSource.swift */; };
		CCBEF1B129107AF40072B080 /* NewSetViewController.swift in Sources */ = {isa = PBXBuildFile; fileRef = CCBEF1B029107AF40072B080 /* NewSetViewController.swift */; };
		CCBEF1B329107C670072B080 /* Main.storyboard in Resources */ = {isa = PBXBuildFile; fileRef = CCBEF1B229107C670072B080 /* Main.storyboard */; };
		CCBEF1B5291081240072B080 /* GoogleService-Info.plist in Resources */ = {isa = PBXBuildFile; fileRef = CCBEF1B4291081240072B080 /* GoogleService-Info.plist */; };
		CCC208BE291B1BB40054CEFD /* AddSetViewController.swift in Sources */ = {isa = PBXBuildFile; fileRef = CCC208BD291B1BB40054CEFD /* AddSetViewController.swift */; };
		CCDBF48A28CA396B00C5764C /* SetListViewController.swift in Sources */ = {isa = PBXBuildFile; fileRef = CCDBF48928CA396B00C5764C /* SetListViewController.swift */; };
		ED0BA52FC4F0191211D7A0A4 /* Pods_Project_19.framework in Frameworks */ = {isa = PBXBuildFile; fileRef = ED96BCDE3FB4D3F30BC8C6ED /* Pods_Project_19.framework */; };
/* End PBXBuildFile section */

/* Begin PBXContainerItemProxy section */
		C8886BB528C6A366008B2D37 /* PBXContainerItemProxy */ = {
			isa = PBXContainerItemProxy;
			containerPortal = C8886B9728C6A361008B2D37 /* Project object */;
			proxyType = 1;
			remoteGlobalIDString = C8886B9E28C6A361008B2D37;
			remoteInfo = Project_19;
		};
		C8886BBF28C6A366008B2D37 /* PBXContainerItemProxy */ = {
			isa = PBXContainerItemProxy;
			containerPortal = C8886B9728C6A361008B2D37 /* Project object */;
			proxyType = 1;
			remoteGlobalIDString = C8886B9E28C6A361008B2D37;
			remoteInfo = Project_19;
		};
/* End PBXContainerItemProxy section */

/* Begin PBXFileReference section */
		020F4DC8938413426904102C /* Pods-Project_19Tests.debug.xcconfig */ = {isa = PBXFileReference; includeInIndex = 1; lastKnownFileType = text.xcconfig; name = "Pods-Project_19Tests.debug.xcconfig"; path = "Target Support Files/Pods-Project_19Tests/Pods-Project_19Tests.debug.xcconfig"; sourceTree = "<group>"; };
		57BAF4E028E4CB6600D376CD /* SetListViewController2.swift */ = {isa = PBXFileReference; lastKnownFileType = sourcecode.swift; name = SetListViewController2.swift; path = Project_19/Controllers/SetListViewController2.swift; sourceTree = SOURCE_ROOT; };
		57BAF4E228E4D0AC00D376CD /* Set.swift */ = {isa = PBXFileReference; fileEncoding = 4; lastKnownFileType = sourcecode.swift; path = Set.swift; sourceTree = "<group>"; };
		57BAF4E428E4D28200D376CD /* SetTableViewCell.swift */ = {isa = PBXFileReference; lastKnownFileType = sourcecode.swift; path = SetTableViewCell.swift; sourceTree = "<group>"; };
		5F574123F411C2BF09B09CE7 /* Pods_Project_19_Project_19UITests.framework */ = {isa = PBXFileReference; explicitFileType = wrapper.framework; includeInIndex = 0; path = Pods_Project_19_Project_19UITests.framework; sourceTree = BUILT_PRODUCTS_DIR; };
		6EF5871B7DDC05D9C1D4CD26 /* Pods-Project_19-Project_19UITests.release.xcconfig */ = {isa = PBXFileReference; includeInIndex = 1; lastKnownFileType = text.xcconfig; name = "Pods-Project_19-Project_19UITests.release.xcconfig"; path = "Target Support Files/Pods-Project_19-Project_19UITests/Pods-Project_19-Project_19UITests.release.xcconfig"; sourceTree = "<group>"; };
		8444C26EC84AD0BEEA6B7F69 /* Pods-Project_19-Project_19UITests.debug.xcconfig */ = {isa = PBXFileReference; includeInIndex = 1; lastKnownFileType = text.xcconfig; name = "Pods-Project_19-Project_19UITests.debug.xcconfig"; path = "Target Support Files/Pods-Project_19-Project_19UITests/Pods-Project_19-Project_19UITests.debug.xcconfig"; sourceTree = "<group>"; };
		B8D6CAFDBAD977C22B1CF6C0 /* Pods-Project_19Tests.release.xcconfig */ = {isa = PBXFileReference; includeInIndex = 1; lastKnownFileType = text.xcconfig; name = "Pods-Project_19Tests.release.xcconfig"; path = "Target Support Files/Pods-Project_19Tests/Pods-Project_19Tests.release.xcconfig"; sourceTree = "<group>"; };
		C8886B9F28C6A361008B2D37 /* Project_19.app */ = {isa = PBXFileReference; explicitFileType = wrapper.application; includeInIndex = 0; path = Project_19.app; sourceTree = BUILT_PRODUCTS_DIR; };
		C8886BA228C6A361008B2D37 /* AppDelegate.swift */ = {isa = PBXFileReference; lastKnownFileType = sourcecode.swift; path = AppDelegate.swift; sourceTree = "<group>"; };
		C8886BA428C6A361008B2D37 /* ViewController.swift */ = {isa = PBXFileReference; lastKnownFileType = sourcecode.swift; path = ViewController.swift; sourceTree = "<group>"; };
		C8886BA628C6A361008B2D37 /* Experience.rcproject */ = {isa = PBXFileReference; lastKnownFileType = file.rcproject; path = Experience.rcproject; sourceTree = "<group>"; };
		C8886BAB28C6A365008B2D37 /* Assets.xcassets */ = {isa = PBXFileReference; lastKnownFileType = folder.assetcatalog; path = Assets.xcassets; sourceTree = "<group>"; };
		C8886BAE28C6A365008B2D37 /* Base */ = {isa = PBXFileReference; lastKnownFileType = file.storyboard; name = Base; path = Base.lproj/LaunchScreen.storyboard; sourceTree = "<group>"; };
		C8886BB428C6A366008B2D37 /* Project_19Tests.xctest */ = {isa = PBXFileReference; explicitFileType = wrapper.cfbundle; includeInIndex = 0; path = Project_19Tests.xctest; sourceTree = BUILT_PRODUCTS_DIR; };
		C8886BB828C6A366008B2D37 /* Project_19Tests.swift */ = {isa = PBXFileReference; lastKnownFileType = sourcecode.swift; path = Project_19Tests.swift; sourceTree = "<group>"; };
		C8886BBE28C6A366008B2D37 /* Project_19UITests.xctest */ = {isa = PBXFileReference; explicitFileType = wrapper.cfbundle; includeInIndex = 0; path = Project_19UITests.xctest; sourceTree = BUILT_PRODUCTS_DIR; };
		C8886BC228C6A366008B2D37 /* Project_19UITests.swift */ = {isa = PBXFileReference; lastKnownFileType = sourcecode.swift; path = Project_19UITests.swift; sourceTree = "<group>"; };
		C8886BC428C6A366008B2D37 /* Project_19UITestsLaunchTests.swift */ = {isa = PBXFileReference; lastKnownFileType = sourcecode.swift; path = Project_19UITestsLaunchTests.swift; sourceTree = "<group>"; };
		C88CDC2B293974C900E417DA /* ThumbnailGenerator.swift */ = {isa = PBXFileReference; lastKnownFileType = sourcecode.swift; path = ThumbnailGenerator.swift; sourceTree = "<group>"; };
		C88CDC2D293C16A600E417DA /* room-set.usdz */ = {isa = PBXFileReference; lastKnownFileType = file.usdz; path = "room-set.usdz"; sourceTree = "<group>"; };
		C88CDC2F293C187200E417DA /* stair-set.usdz */ = {isa = PBXFileReference; lastKnownFileType = file.usdz; path = "stair-set.usdz"; sourceTree = "<group>"; };
		C8B718E8293C245600B95F1B /* pokemart-set.usdz */ = {isa = PBXFileReference; lastKnownFileType = file.usdz; path = "pokemart-set.usdz"; sourceTree = "<group>"; };
		C8B718EA293C248400B95F1B /* swing-set.usdz */ = {isa = PBXFileReference; lastKnownFileType = file.usdz; path = "swing-set.usdz"; sourceTree = "<group>"; };
		C8B718EC293D23D100B95F1B /* metalroom_door-set.usdz */ = {isa = PBXFileReference; lastKnownFileType = file.usdz; path = "metalroom_door-set.usdz"; sourceTree = "<group>"; };
		C8B9C39F2925357100D585CD /* Pokemon_-_Magikarp.usdz */ = {isa = PBXFileReference; lastKnownFileType = file.usdz; path = "Pokemon_-_Magikarp.usdz"; sourceTree = "<group>"; };
		C8B9C3A12925806700D585CD /* Pokemon_Jigglypuff.usdz */ = {isa = PBXFileReference; lastKnownFileType = file.usdz; path = Pokemon_Jigglypuff.usdz; sourceTree = "<group>"; };
		C8C8FBF129241227001F8996 /* Samba_Dancing_Pikachu.usdz */ = {isa = PBXFileReference; lastKnownFileType = file.usdz; path = Samba_Dancing_Pikachu.usdz; sourceTree = "<group>"; };
		C8F8EEBF28EDD36800FA12B4 /* ARViewController.swift */ = {isa = PBXFileReference; lastKnownFileType = sourcecode.swift; path = ARViewController.swift; sourceTree = "<group>"; };
		CCA0A2B8291B21A800562DB2 /* TagPickerViewController.swift */ = {isa = PBXFileReference; lastKnownFileType = sourcecode.swift; path = TagPickerViewController.swift; sourceTree = "<group>"; };
		CCA0A2BA291B274100562DB2 /* TagDataSource.swift */ = {isa = PBXFileReference; lastKnownFileType = sourcecode.swift; path = TagDataSource.swift; sourceTree = "<group>"; };
		CCBEF1B029107AF40072B080 /* NewSetViewController.swift */ = {isa = PBXFileReference; fileEncoding = 4; lastKnownFileType = sourcecode.swift; path = NewSetViewController.swift; sourceTree = "<group>"; };
		CCBEF1B229107C670072B080 /* Main.storyboard */ = {isa = PBXFileReference; fileEncoding = 4; lastKnownFileType = file.storyboard; path = Main.storyboard; sourceTree = "<group>"; };
		CCBEF1B4291081240072B080 /* GoogleService-Info.plist */ = {isa = PBXFileReference; fileEncoding = 4; lastKnownFileType = text.plist.xml; path = "GoogleService-Info.plist"; sourceTree = "<group>"; };
		CCC208BD291B1BB40054CEFD /* AddSetViewController.swift */ = {isa = PBXFileReference; lastKnownFileType = sourcecode.swift; path = AddSetViewController.swift; sourceTree = "<group>"; };
		CCDBF48928CA396B00C5764C /* SetListViewController.swift */ = {isa = PBXFileReference; lastKnownFileType = sourcecode.swift; path = SetListViewController.swift; sourceTree = "<group>"; };
		E6FF610002F9DFD787E8D16A /* Pods-Project_19.debug.xcconfig */ = {isa = PBXFileReference; includeInIndex = 1; lastKnownFileType = text.xcconfig; name = "Pods-Project_19.debug.xcconfig"; path = "Target Support Files/Pods-Project_19/Pods-Project_19.debug.xcconfig"; sourceTree = "<group>"; };
		EC02E234EB48E2A6F9C8EB11 /* Pods_Project_19Tests.framework */ = {isa = PBXFileReference; explicitFileType = wrapper.framework; includeInIndex = 0; path = Pods_Project_19Tests.framework; sourceTree = BUILT_PRODUCTS_DIR; };
		ED96BCDE3FB4D3F30BC8C6ED /* Pods_Project_19.framework */ = {isa = PBXFileReference; explicitFileType = wrapper.framework; includeInIndex = 0; path = Pods_Project_19.framework; sourceTree = BUILT_PRODUCTS_DIR; };
		EEB1DA945CA860979764A978 /* Pods-Project_19.release.xcconfig */ = {isa = PBXFileReference; includeInIndex = 1; lastKnownFileType = text.xcconfig; name = "Pods-Project_19.release.xcconfig"; path = "Target Support Files/Pods-Project_19/Pods-Project_19.release.xcconfig"; sourceTree = "<group>"; };
/* End PBXFileReference section */

/* Begin PBXFrameworksBuildPhase section */
		C8886B9C28C6A361008B2D37 /* Frameworks */ = {
			isa = PBXFrameworksBuildPhase;
			buildActionMask = 2147483647;
			files = (
				ED0BA52FC4F0191211D7A0A4 /* Pods_Project_19.framework in Frameworks */,
			);
			runOnlyForDeploymentPostprocessing = 0;
		};
		C8886BB128C6A366008B2D37 /* Frameworks */ = {
			isa = PBXFrameworksBuildPhase;
			buildActionMask = 2147483647;
			files = (
				981BB788B0F0D2CA3D13FA69 /* Pods_Project_19Tests.framework in Frameworks */,
			);
			runOnlyForDeploymentPostprocessing = 0;
		};
		C8886BBB28C6A366008B2D37 /* Frameworks */ = {
			isa = PBXFrameworksBuildPhase;
			buildActionMask = 2147483647;
			files = (
				AE95D72C177F981E86F6143F /* Pods_Project_19_Project_19UITests.framework in Frameworks */,
			);
			runOnlyForDeploymentPostprocessing = 0;
		};
/* End PBXFrameworksBuildPhase section */

/* Begin PBXGroup section */
		57BAF4DC28E25EEB00D376CD /* Controllers */ = {
			isa = PBXGroup;
			children = (
				C8886BA428C6A361008B2D37 /* ViewController.swift */,
				C8F8EEBF28EDD36800FA12B4 /* ARViewController.swift */,
				CCDBF48928CA396B00C5764C /* SetListViewController.swift */,
				57BAF4E028E4CB6600D376CD /* SetListViewController2.swift */,
				CCBEF1B029107AF40072B080 /* NewSetViewController.swift */,
				CCC208BD291B1BB40054CEFD /* AddSetViewController.swift */,
				CCA0A2B8291B21A800562DB2 /* TagPickerViewController.swift */,
			);
			path = Controllers;
			sourceTree = "<group>";
		};
		57BAF4DD28E25F0200D376CD /* Views */ = {
			isa = PBXGroup;
			children = (
				57BAF4E428E4D28200D376CD /* SetTableViewCell.swift */,
				CCBEF1B229107C670072B080 /* Main.storyboard */,
				C8886BAD28C6A365008B2D37 /* LaunchScreen.storyboard */,
			);
			path = Views;
			sourceTree = "<group>";
		};
		6CAC4F42CAD0517441F3D599 /* Pods */ = {
			isa = PBXGroup;
			children = (
				E6FF610002F9DFD787E8D16A /* Pods-Project_19.debug.xcconfig */,
				EEB1DA945CA860979764A978 /* Pods-Project_19.release.xcconfig */,
				8444C26EC84AD0BEEA6B7F69 /* Pods-Project_19-Project_19UITests.debug.xcconfig */,
				6EF5871B7DDC05D9C1D4CD26 /* Pods-Project_19-Project_19UITests.release.xcconfig */,
				020F4DC8938413426904102C /* Pods-Project_19Tests.debug.xcconfig */,
				B8D6CAFDBAD977C22B1CF6C0 /* Pods-Project_19Tests.release.xcconfig */,
			);
			path = Pods;
			sourceTree = "<group>";
		};
		A7A3C18EB1D29C339101F15D /* Frameworks */ = {
			isa = PBXGroup;
			children = (
				ED96BCDE3FB4D3F30BC8C6ED /* Pods_Project_19.framework */,
				5F574123F411C2BF09B09CE7 /* Pods_Project_19_Project_19UITests.framework */,
				EC02E234EB48E2A6F9C8EB11 /* Pods_Project_19Tests.framework */,
			);
			name = Frameworks;
			sourceTree = "<group>";
		};
		C8886B9628C6A361008B2D37 = {
			isa = PBXGroup;
			children = (
				CCBEF1B4291081240072B080 /* GoogleService-Info.plist */,
				C8886BA128C6A361008B2D37 /* Project_19 */,
				C8886BB728C6A366008B2D37 /* Project_19Tests */,
				C8886BC128C6A366008B2D37 /* Project_19UITests */,
				C8886BA028C6A361008B2D37 /* Products */,
				6CAC4F42CAD0517441F3D599 /* Pods */,
				A7A3C18EB1D29C339101F15D /* Frameworks */,
			);
			sourceTree = "<group>";
		};
		C8886BA028C6A361008B2D37 /* Products */ = {
			isa = PBXGroup;
			children = (
				C8886B9F28C6A361008B2D37 /* Project_19.app */,
				C8886BB428C6A366008B2D37 /* Project_19Tests.xctest */,
				C8886BBE28C6A366008B2D37 /* Project_19UITests.xctest */,
			);
			name = Products;
			sourceTree = "<group>";
		};
		C8886BA128C6A361008B2D37 /* Project_19 */ = {
			isa = PBXGroup;
			children = (
				C8B718EA293C248400B95F1B /* swing-set.usdz */,
				C8B718E8293C245600B95F1B /* pokemart-set.usdz */,
				C8C8FBF129241227001F8996 /* Samba_Dancing_Pikachu.usdz */,
				C8B9C39F2925357100D585CD /* Pokemon_-_Magikarp.usdz */,
				C8B9C3A12925806700D585CD /* Pokemon_Jigglypuff.usdz */,
				C88CDC2D293C16A600E417DA /* room-set.usdz */,
				C84A8FF3292C30AB007C3C9D /* Nov21,5-13PM-poly.usdz */,
				C88CDC2F293C187200E417DA /* stair-set.usdz */,
				C8B718EC293D23D100B95F1B /* metalroom_door-set.usdz */,
				CCDBF48628CA36E600C5764C /* Models */,
				57BAF4DD28E25F0200D376CD /* Views */,
				57BAF4DC28E25EEB00D376CD /* Controllers */,
				C8886BA228C6A361008B2D37 /* AppDelegate.swift */,
				C8886BA628C6A361008B2D37 /* Experience.rcproject */,
				C8886BAB28C6A365008B2D37 /* Assets.xcassets */,
			);
			path = Project_19;
			sourceTree = "<group>";
		};
		C8886BB728C6A366008B2D37 /* Project_19Tests */ = {
			isa = PBXGroup;
			children = (
				C8886BB828C6A366008B2D37 /* Project_19Tests.swift */,
			);
			path = Project_19Tests;
			sourceTree = "<group>";
		};
		C8886BC128C6A366008B2D37 /* Project_19UITests */ = {
			isa = PBXGroup;
			children = (
				C8886BC228C6A366008B2D37 /* Project_19UITests.swift */,
				C8886BC428C6A366008B2D37 /* Project_19UITestsLaunchTests.swift */,
			);
			path = Project_19UITests;
			sourceTree = "<group>";
		};
		CCDBF48628CA36E600C5764C /* Models */ = {
			isa = PBXGroup;
			children = (
				57BAF4E228E4D0AC00D376CD /* Set.swift */,
				CCA0A2BA291B274100562DB2 /* TagDataSource.swift */,
			);
			path = Models;
			sourceTree = "<group>";
		};
/* End PBXGroup section */

/* Begin PBXNativeTarget section */
		C8886B9E28C6A361008B2D37 /* Project_19 */ = {
			isa = PBXNativeTarget;
			buildConfigurationList = C8886BC828C6A366008B2D37 /* Build configuration list for PBXNativeTarget "Project_19" */;
			buildPhases = (
				937B25FFA2147BCB585A57C3 /* [CP] Check Pods Manifest.lock */,
				C8886B9B28C6A361008B2D37 /* Sources */,
				C8886B9C28C6A361008B2D37 /* Frameworks */,
				C8886B9D28C6A361008B2D37 /* Resources */,
				22FCEDE4B0AA3895DA5BFC95 /* [CP] Embed Pods Frameworks */,
			);
			buildRules = (
			);
			dependencies = (
			);
			name = Project_19;
			productName = Project_19;
			productReference = C8886B9F28C6A361008B2D37 /* Project_19.app */;
			productType = "com.apple.product-type.application";
		};
		C8886BB328C6A366008B2D37 /* Project_19Tests */ = {
			isa = PBXNativeTarget;
			buildConfigurationList = C8886BCB28C6A366008B2D37 /* Build configuration list for PBXNativeTarget "Project_19Tests" */;
			buildPhases = (
				B6968273A004195B3CACCCD3 /* [CP] Check Pods Manifest.lock */,
				C8886BB028C6A366008B2D37 /* Sources */,
				C8886BB128C6A366008B2D37 /* Frameworks */,
				C8886BB228C6A366008B2D37 /* Resources */,
			);
			buildRules = (
			);
			dependencies = (
				C8886BB628C6A366008B2D37 /* PBXTargetDependency */,
			);
			name = Project_19Tests;
			productName = Project_19Tests;
			productReference = C8886BB428C6A366008B2D37 /* Project_19Tests.xctest */;
			productType = "com.apple.product-type.bundle.unit-test";
		};
		C8886BBD28C6A366008B2D37 /* Project_19UITests */ = {
			isa = PBXNativeTarget;
			buildConfigurationList = C8886BCE28C6A366008B2D37 /* Build configuration list for PBXNativeTarget "Project_19UITests" */;
			buildPhases = (
				52549C93DC057E92C106F079 /* [CP] Check Pods Manifest.lock */,
				C8886BBA28C6A366008B2D37 /* Sources */,
				C8886BBB28C6A366008B2D37 /* Frameworks */,
				C8886BBC28C6A366008B2D37 /* Resources */,
				3C3D908795BCC6402CFB69AB /* [CP] Embed Pods Frameworks */,
			);
			buildRules = (
			);
			dependencies = (
				C8886BC028C6A366008B2D37 /* PBXTargetDependency */,
			);
			name = Project_19UITests;
			productName = Project_19UITests;
			productReference = C8886BBE28C6A366008B2D37 /* Project_19UITests.xctest */;
			productType = "com.apple.product-type.bundle.ui-testing";
		};
/* End PBXNativeTarget section */

/* Begin PBXProject section */
		C8886B9728C6A361008B2D37 /* Project object */ = {
			isa = PBXProject;
			attributes = {
				BuildIndependentTargetsInParallel = 1;
				LastSwiftUpdateCheck = 1340;
				LastUpgradeCheck = 1340;
				TargetAttributes = {
					C8886B9E28C6A361008B2D37 = {
						CreatedOnToolsVersion = 13.4.1;
					};
					C8886BB328C6A366008B2D37 = {
						CreatedOnToolsVersion = 13.4.1;
						TestTargetID = C8886B9E28C6A361008B2D37;
					};
					C8886BBD28C6A366008B2D37 = {
						CreatedOnToolsVersion = 13.4.1;
						TestTargetID = C8886B9E28C6A361008B2D37;
					};
				};
			};
			buildConfigurationList = C8886B9A28C6A361008B2D37 /* Build configuration list for PBXProject "Project_19" */;
			compatibilityVersion = "Xcode 13.0";
			developmentRegion = en;
			hasScannedForEncodings = 0;
			knownRegions = (
				en,
				Base,
			);
			mainGroup = C8886B9628C6A361008B2D37;
			productRefGroup = C8886BA028C6A361008B2D37 /* Products */;
			projectDirPath = "";
			projectRoot = "";
			targets = (
				C8886B9E28C6A361008B2D37 /* Project_19 */,
				C8886BB328C6A366008B2D37 /* Project_19Tests */,
				C8886BBD28C6A366008B2D37 /* Project_19UITests */,
			);
		};
/* End PBXProject section */

/* Begin PBXResourcesBuildPhase section */
		C8886B9D28C6A361008B2D37 /* Resources */ = {
			isa = PBXResourcesBuildPhase;
			buildActionMask = 2147483647;
			files = (
				C8B718EB293C248400B95F1B /* swing-set.usdz in Resources */,
				C84A8FF4292C30AB007C3C9D /* Nov21,5-13PM-poly.usdz in Resources */,
				C8886BAF28C6A365008B2D37 /* LaunchScreen.storyboard in Resources */,
				C8B718ED293D23D100B95F1B /* metalroom_door-set.usdz in Resources */,
				C8886BAC28C6A365008B2D37 /* Assets.xcassets in Resources */,
				CCBEF1B329107C670072B080 /* Main.storyboard in Resources */,
				C8A8478C28EDD999006EC86C /* env1.usdz in Resources */,
				C8C4DF3E28F474C0003393EE /* pokemart.usdz in Resources */,
				CCBEF1B5291081240072B080 /* GoogleService-Info.plist in Resources */,
			);
			runOnlyForDeploymentPostprocessing = 0;
		};
		C8886BB228C6A366008B2D37 /* Resources */ = {
			isa = PBXResourcesBuildPhase;
			buildActionMask = 2147483647;
			files = (
			);
			runOnlyForDeploymentPostprocessing = 0;
		};
		C8886BBC28C6A366008B2D37 /* Resources */ = {
			isa = PBXResourcesBuildPhase;
			buildActionMask = 2147483647;
			files = (
			);
			runOnlyForDeploymentPostprocessing = 0;
		};
/* End PBXResourcesBuildPhase section */

/* Begin PBXShellScriptBuildPhase section */
		22FCEDE4B0AA3895DA5BFC95 /* [CP] Embed Pods Frameworks */ = {
			isa = PBXShellScriptBuildPhase;
			buildActionMask = 2147483647;
			files = (
			);
			inputFileListPaths = (
				"${PODS_ROOT}/Target Support Files/Pods-Project_19/Pods-Project_19-frameworks-${CONFIGURATION}-input-files.xcfilelist",
			);
			name = "[CP] Embed Pods Frameworks";
			outputFileListPaths = (
				"${PODS_ROOT}/Target Support Files/Pods-Project_19/Pods-Project_19-frameworks-${CONFIGURATION}-output-files.xcfilelist",
			);
			runOnlyForDeploymentPostprocessing = 0;
			shellPath = /bin/sh;
			shellScript = "\"${PODS_ROOT}/Target Support Files/Pods-Project_19/Pods-Project_19-frameworks.sh\"\n";
			showEnvVarsInLog = 0;
		};
		3C3D908795BCC6402CFB69AB /* [CP] Embed Pods Frameworks */ = {
			isa = PBXShellScriptBuildPhase;
			buildActionMask = 2147483647;
			files = (
			);
			inputFileListPaths = (
				"${PODS_ROOT}/Target Support Files/Pods-Project_19-Project_19UITests/Pods-Project_19-Project_19UITests-frameworks-${CONFIGURATION}-input-files.xcfilelist",
			);
			name = "[CP] Embed Pods Frameworks";
			outputFileListPaths = (
				"${PODS_ROOT}/Target Support Files/Pods-Project_19-Project_19UITests/Pods-Project_19-Project_19UITests-frameworks-${CONFIGURATION}-output-files.xcfilelist",
			);
			runOnlyForDeploymentPostprocessing = 0;
			shellPath = /bin/sh;
			shellScript = "\"${PODS_ROOT}/Target Support Files/Pods-Project_19-Project_19UITests/Pods-Project_19-Project_19UITests-frameworks.sh\"\n";
			showEnvVarsInLog = 0;
		};
		52549C93DC057E92C106F079 /* [CP] Check Pods Manifest.lock */ = {
			isa = PBXShellScriptBuildPhase;
			buildActionMask = 2147483647;
			files = (
			);
			inputFileListPaths = (
			);
			inputPaths = (
				"${PODS_PODFILE_DIR_PATH}/Podfile.lock",
				"${PODS_ROOT}/Manifest.lock",
			);
			name = "[CP] Check Pods Manifest.lock";
			outputFileListPaths = (
			);
			outputPaths = (
				"$(DERIVED_FILE_DIR)/Pods-Project_19-Project_19UITests-checkManifestLockResult.txt",
			);
			runOnlyForDeploymentPostprocessing = 0;
			shellPath = /bin/sh;
			shellScript = "diff \"${PODS_PODFILE_DIR_PATH}/Podfile.lock\" \"${PODS_ROOT}/Manifest.lock\" > /dev/null\nif [ $? != 0 ] ; then\n    # print error to STDERR\n    echo \"error: The sandbox is not in sync with the Podfile.lock. Run 'pod install' or update your CocoaPods installation.\" >&2\n    exit 1\nfi\n# This output is used by Xcode 'outputs' to avoid re-running this script phase.\necho \"SUCCESS\" > \"${SCRIPT_OUTPUT_FILE_0}\"\n";
			showEnvVarsInLog = 0;
		};
		937B25FFA2147BCB585A57C3 /* [CP] Check Pods Manifest.lock */ = {
			isa = PBXShellScriptBuildPhase;
			buildActionMask = 2147483647;
			files = (
			);
			inputFileListPaths = (
			);
			inputPaths = (
				"${PODS_PODFILE_DIR_PATH}/Podfile.lock",
				"${PODS_ROOT}/Manifest.lock",
			);
			name = "[CP] Check Pods Manifest.lock";
			outputFileListPaths = (
			);
			outputPaths = (
				"$(DERIVED_FILE_DIR)/Pods-Project_19-checkManifestLockResult.txt",
			);
			runOnlyForDeploymentPostprocessing = 0;
			shellPath = /bin/sh;
			shellScript = "diff \"${PODS_PODFILE_DIR_PATH}/Podfile.lock\" \"${PODS_ROOT}/Manifest.lock\" > /dev/null\nif [ $? != 0 ] ; then\n    # print error to STDERR\n    echo \"error: The sandbox is not in sync with the Podfile.lock. Run 'pod install' or update your CocoaPods installation.\" >&2\n    exit 1\nfi\n# This output is used by Xcode 'outputs' to avoid re-running this script phase.\necho \"SUCCESS\" > \"${SCRIPT_OUTPUT_FILE_0}\"\n";
			showEnvVarsInLog = 0;
		};
		B6968273A004195B3CACCCD3 /* [CP] Check Pods Manifest.lock */ = {
			isa = PBXShellScriptBuildPhase;
			buildActionMask = 2147483647;
			files = (
			);
			inputFileListPaths = (
			);
			inputPaths = (
				"${PODS_PODFILE_DIR_PATH}/Podfile.lock",
				"${PODS_ROOT}/Manifest.lock",
			);
			name = "[CP] Check Pods Manifest.lock";
			outputFileListPaths = (
			);
			outputPaths = (
				"$(DERIVED_FILE_DIR)/Pods-Project_19Tests-checkManifestLockResult.txt",
			);
			runOnlyForDeploymentPostprocessing = 0;
			shellPath = /bin/sh;
			shellScript = "diff \"${PODS_PODFILE_DIR_PATH}/Podfile.lock\" \"${PODS_ROOT}/Manifest.lock\" > /dev/null\nif [ $? != 0 ] ; then\n    # print error to STDERR\n    echo \"error: The sandbox is not in sync with the Podfile.lock. Run 'pod install' or update your CocoaPods installation.\" >&2\n    exit 1\nfi\n# This output is used by Xcode 'outputs' to avoid re-running this script phase.\necho \"SUCCESS\" > \"${SCRIPT_OUTPUT_FILE_0}\"\n";
			showEnvVarsInLog = 0;
		};
/* End PBXShellScriptBuildPhase section */

/* Begin PBXSourcesBuildPhase section */
		C8886B9B28C6A361008B2D37 /* Sources */ = {
			isa = PBXSourcesBuildPhase;
			buildActionMask = 2147483647;
			files = (
				57BAF4E528E4D28200D376CD /* SetTableViewCell.swift in Sources */,
				CCA0A2BB291B274100562DB2 /* TagDataSource.swift in Sources */,
				CCDBF48A28CA396B00C5764C /* SetListViewController.swift in Sources */,
				CCBEF1B129107AF40072B080 /* NewSetViewController.swift in Sources */,
				CCC208BE291B1BB40054CEFD /* AddSetViewController.swift in Sources */,
				57BAF4E128E4CB6600D376CD /* SetListViewController2.swift in Sources */,
				C8F8EEC028EDD36800FA12B4 /* ARViewController.swift in Sources */,
				CCA0A2B9291B21A800562DB2 /* TagPickerViewController.swift in Sources */,
				C8886BA528C6A361008B2D37 /* ViewController.swift in Sources */,
				C81583C028F6FA3800E15F79 /* Model.swift in Sources */,
				57BAF4E328E4D0AC00D376CD /* Set.swift in Sources */,
				C8886BA328C6A361008B2D37 /* AppDelegate.swift in Sources */,
				C8886BA728C6A361008B2D37 /* Experience.rcproject in Sources */,
			);
			runOnlyForDeploymentPostprocessing = 0;
		};
		C8886BB028C6A366008B2D37 /* Sources */ = {
			isa = PBXSourcesBuildPhase;
			buildActionMask = 2147483647;
			files = (
				C8886BB928C6A366008B2D37 /* Project_19Tests.swift in Sources */,
			);
			runOnlyForDeploymentPostprocessing = 0;
		};
		C8886BBA28C6A366008B2D37 /* Sources */ = {
			isa = PBXSourcesBuildPhase;
			buildActionMask = 2147483647;
			files = (
				C8886BC528C6A366008B2D37 /* Project_19UITestsLaunchTests.swift in Sources */,
				C8886BC328C6A366008B2D37 /* Project_19UITests.swift in Sources */,
			);
			runOnlyForDeploymentPostprocessing = 0;
		};
/* End PBXSourcesBuildPhase section */

/* Begin PBXTargetDependency section */
		C8886BB628C6A366008B2D37 /* PBXTargetDependency */ = {
			isa = PBXTargetDependency;
			target = C8886B9E28C6A361008B2D37 /* Project_19 */;
			targetProxy = C8886BB528C6A366008B2D37 /* PBXContainerItemProxy */;
		};
		C8886BC028C6A366008B2D37 /* PBXTargetDependency */ = {
			isa = PBXTargetDependency;
			target = C8886B9E28C6A361008B2D37 /* Project_19 */;
			targetProxy = C8886BBF28C6A366008B2D37 /* PBXContainerItemProxy */;
		};
/* End PBXTargetDependency section */

/* Begin PBXVariantGroup section */
		C8886BAD28C6A365008B2D37 /* LaunchScreen.storyboard */ = {
			isa = PBXVariantGroup;
			children = (
				C8886BAE28C6A365008B2D37 /* Base */,
			);
			name = LaunchScreen.storyboard;
			sourceTree = "<group>";
		};
/* End PBXVariantGroup section */

/* Begin XCBuildConfiguration section */
		C8886BC628C6A366008B2D37 /* Debug */ = {
			isa = XCBuildConfiguration;
			buildSettings = {
				ALWAYS_SEARCH_USER_PATHS = NO;
				CLANG_ANALYZER_NONNULL = YES;
				CLANG_ANALYZER_NUMBER_OBJECT_CONVERSION = YES_AGGRESSIVE;
				CLANG_CXX_LANGUAGE_STANDARD = "gnu++17";
				CLANG_ENABLE_MODULES = YES;
				CLANG_ENABLE_OBJC_ARC = YES;
				CLANG_ENABLE_OBJC_WEAK = YES;
				CLANG_WARN_BLOCK_CAPTURE_AUTORELEASING = YES;
				CLANG_WARN_BOOL_CONVERSION = YES;
				CLANG_WARN_COMMA = YES;
				CLANG_WARN_CONSTANT_CONVERSION = YES;
				CLANG_WARN_DEPRECATED_OBJC_IMPLEMENTATIONS = YES;
				CLANG_WARN_DIRECT_OBJC_ISA_USAGE = YES_ERROR;
				CLANG_WARN_DOCUMENTATION_COMMENTS = YES;
				CLANG_WARN_EMPTY_BODY = YES;
				CLANG_WARN_ENUM_CONVERSION = YES;
				CLANG_WARN_INFINITE_RECURSION = YES;
				CLANG_WARN_INT_CONVERSION = YES;
				CLANG_WARN_NON_LITERAL_NULL_CONVERSION = YES;
				CLANG_WARN_OBJC_IMPLICIT_RETAIN_SELF = YES;
				CLANG_WARN_OBJC_LITERAL_CONVERSION = YES;
				CLANG_WARN_OBJC_ROOT_CLASS = YES_ERROR;
				CLANG_WARN_QUOTED_INCLUDE_IN_FRAMEWORK_HEADER = YES;
				CLANG_WARN_RANGE_LOOP_ANALYSIS = YES;
				CLANG_WARN_STRICT_PROTOTYPES = YES;
				CLANG_WARN_SUSPICIOUS_MOVE = YES;
				CLANG_WARN_UNGUARDED_AVAILABILITY = YES_AGGRESSIVE;
				CLANG_WARN_UNREACHABLE_CODE = YES;
				CLANG_WARN__DUPLICATE_METHOD_MATCH = YES;
				COPY_PHASE_STRIP = NO;
				DEBUG_INFORMATION_FORMAT = dwarf;
				ENABLE_STRICT_OBJC_MSGSEND = YES;
				ENABLE_TESTABILITY = YES;
				GCC_C_LANGUAGE_STANDARD = gnu11;
				GCC_DYNAMIC_NO_PIC = NO;
				GCC_NO_COMMON_BLOCKS = YES;
				GCC_OPTIMIZATION_LEVEL = 0;
				GCC_PREPROCESSOR_DEFINITIONS = (
					"DEBUG=1",
					"$(inherited)",
				);
				GCC_WARN_64_TO_32_BIT_CONVERSION = YES;
				GCC_WARN_ABOUT_RETURN_TYPE = YES_ERROR;
				GCC_WARN_UNDECLARED_SELECTOR = YES;
				GCC_WARN_UNINITIALIZED_AUTOS = YES_AGGRESSIVE;
				GCC_WARN_UNUSED_FUNCTION = YES;
				GCC_WARN_UNUSED_VARIABLE = YES;
				IPHONEOS_DEPLOYMENT_TARGET = 15.5;
				MTL_ENABLE_DEBUG_INFO = INCLUDE_SOURCE;
				MTL_FAST_MATH = YES;
				ONLY_ACTIVE_ARCH = YES;
				SDKROOT = iphoneos;
				SWIFT_ACTIVE_COMPILATION_CONDITIONS = DEBUG;
				SWIFT_OPTIMIZATION_LEVEL = "-Onone";
			};
			name = Debug;
		};
		C8886BC728C6A366008B2D37 /* Release */ = {
			isa = XCBuildConfiguration;
			buildSettings = {
				ALWAYS_SEARCH_USER_PATHS = NO;
				CLANG_ANALYZER_NONNULL = YES;
				CLANG_ANALYZER_NUMBER_OBJECT_CONVERSION = YES_AGGRESSIVE;
				CLANG_CXX_LANGUAGE_STANDARD = "gnu++17";
				CLANG_ENABLE_MODULES = YES;
				CLANG_ENABLE_OBJC_ARC = YES;
				CLANG_ENABLE_OBJC_WEAK = YES;
				CLANG_WARN_BLOCK_CAPTURE_AUTORELEASING = YES;
				CLANG_WARN_BOOL_CONVERSION = YES;
				CLANG_WARN_COMMA = YES;
				CLANG_WARN_CONSTANT_CONVERSION = YES;
				CLANG_WARN_DEPRECATED_OBJC_IMPLEMENTATIONS = YES;
				CLANG_WARN_DIRECT_OBJC_ISA_USAGE = YES_ERROR;
				CLANG_WARN_DOCUMENTATION_COMMENTS = YES;
				CLANG_WARN_EMPTY_BODY = YES;
				CLANG_WARN_ENUM_CONVERSION = YES;
				CLANG_WARN_INFINITE_RECURSION = YES;
				CLANG_WARN_INT_CONVERSION = YES;
				CLANG_WARN_NON_LITERAL_NULL_CONVERSION = YES;
				CLANG_WARN_OBJC_IMPLICIT_RETAIN_SELF = YES;
				CLANG_WARN_OBJC_LITERAL_CONVERSION = YES;
				CLANG_WARN_OBJC_ROOT_CLASS = YES_ERROR;
				CLANG_WARN_QUOTED_INCLUDE_IN_FRAMEWORK_HEADER = YES;
				CLANG_WARN_RANGE_LOOP_ANALYSIS = YES;
				CLANG_WARN_STRICT_PROTOTYPES = YES;
				CLANG_WARN_SUSPICIOUS_MOVE = YES;
				CLANG_WARN_UNGUARDED_AVAILABILITY = YES_AGGRESSIVE;
				CLANG_WARN_UNREACHABLE_CODE = YES;
				CLANG_WARN__DUPLICATE_METHOD_MATCH = YES;
				COPY_PHASE_STRIP = NO;
				DEBUG_INFORMATION_FORMAT = "dwarf-with-dsym";
				ENABLE_NS_ASSERTIONS = NO;
				ENABLE_STRICT_OBJC_MSGSEND = YES;
				GCC_C_LANGUAGE_STANDARD = gnu11;
				GCC_NO_COMMON_BLOCKS = YES;
				GCC_WARN_64_TO_32_BIT_CONVERSION = YES;
				GCC_WARN_ABOUT_RETURN_TYPE = YES_ERROR;
				GCC_WARN_UNDECLARED_SELECTOR = YES;
				GCC_WARN_UNINITIALIZED_AUTOS = YES_AGGRESSIVE;
				GCC_WARN_UNUSED_FUNCTION = YES;
				GCC_WARN_UNUSED_VARIABLE = YES;
				IPHONEOS_DEPLOYMENT_TARGET = 15.5;
				MTL_ENABLE_DEBUG_INFO = NO;
				MTL_FAST_MATH = YES;
				SDKROOT = iphoneos;
				SWIFT_COMPILATION_MODE = wholemodule;
				SWIFT_OPTIMIZATION_LEVEL = "-O";
				VALIDATE_PRODUCT = YES;
			};
			name = Release;
		};
		C8886BC928C6A366008B2D37 /* Debug */ = {
			isa = XCBuildConfiguration;
			baseConfigurationReference = E6FF610002F9DFD787E8D16A /* Pods-Project_19.debug.xcconfig */;
			buildSettings = {
				ASSETCATALOG_COMPILER_APPICON_NAME = AppIcon;
				ASSETCATALOG_COMPILER_GLOBAL_ACCENT_COLOR_NAME = AccentColor;
				CODE_SIGN_STYLE = Automatic;
				CURRENT_PROJECT_VERSION = 1;
				DEVELOPMENT_TEAM = Z9R9MJ9T36;
				GENERATE_INFOPLIST_FILE = YES;
				INFOPLIST_KEY_NSCameraUsageDescription = "";
				INFOPLIST_KEY_UIApplicationSupportsIndirectInputEvents = YES;
				INFOPLIST_KEY_UILaunchStoryboardName = LaunchScreen;
				INFOPLIST_KEY_UIMainStoryboardFile = Main;
				INFOPLIST_KEY_UIRequiredDeviceCapabilities = arkit;
				INFOPLIST_KEY_UIStatusBarHidden = YES;
				INFOPLIST_KEY_UISupportedInterfaceOrientations_iPad = "UIInterfaceOrientationPortrait UIInterfaceOrientationPortraitUpsideDown UIInterfaceOrientationLandscapeLeft UIInterfaceOrientationLandscapeRight";
				INFOPLIST_KEY_UISupportedInterfaceOrientations_iPhone = "UIInterfaceOrientationPortrait UIInterfaceOrientationLandscapeLeft UIInterfaceOrientationLandscapeRight";
				LD_RUNPATH_SEARCH_PATHS = (
					"$(inherited)",
					"@executable_path/Frameworks",
				);
				MARKETING_VERSION = 1.0;
				PRODUCT_BUNDLE_IDENTIFIER = "com.dingo.Project-19";
				PRODUCT_NAME = "$(TARGET_NAME)";
				SWIFT_EMIT_LOC_STRINGS = YES;
				SWIFT_VERSION = 5.0;
				TARGETED_DEVICE_FAMILY = "1,2";
			};
			name = Debug;
		};
		C8886BCA28C6A366008B2D37 /* Release */ = {
			isa = XCBuildConfiguration;
			baseConfigurationReference = EEB1DA945CA860979764A978 /* Pods-Project_19.release.xcconfig */;
			buildSettings = {
				ASSETCATALOG_COMPILER_APPICON_NAME = AppIcon;
				ASSETCATALOG_COMPILER_GLOBAL_ACCENT_COLOR_NAME = AccentColor;
				CODE_SIGN_STYLE = Automatic;
				CURRENT_PROJECT_VERSION = 1;
				DEVELOPMENT_TEAM = Z9R9MJ9T36;
				GENERATE_INFOPLIST_FILE = YES;
				INFOPLIST_KEY_NSCameraUsageDescription = "";
				INFOPLIST_KEY_UIApplicationSupportsIndirectInputEvents = YES;
				INFOPLIST_KEY_UILaunchStoryboardName = LaunchScreen;
				INFOPLIST_KEY_UIMainStoryboardFile = Main;
				INFOPLIST_KEY_UIRequiredDeviceCapabilities = arkit;
				INFOPLIST_KEY_UIStatusBarHidden = YES;
				INFOPLIST_KEY_UISupportedInterfaceOrientations_iPad = "UIInterfaceOrientationPortrait UIInterfaceOrientationPortraitUpsideDown UIInterfaceOrientationLandscapeLeft UIInterfaceOrientationLandscapeRight";
				INFOPLIST_KEY_UISupportedInterfaceOrientations_iPhone = "UIInterfaceOrientationPortrait UIInterfaceOrientationLandscapeLeft UIInterfaceOrientationLandscapeRight";
				LD_RUNPATH_SEARCH_PATHS = (
					"$(inherited)",
					"@executable_path/Frameworks",
				);
				MARKETING_VERSION = 1.0;
				PRODUCT_BUNDLE_IDENTIFIER = "com.dingo.Project-19";
				PRODUCT_NAME = "$(TARGET_NAME)";
				SWIFT_EMIT_LOC_STRINGS = YES;
				SWIFT_VERSION = 5.0;
				TARGETED_DEVICE_FAMILY = "1,2";
			};
			name = Release;
		};
		C8886BCC28C6A366008B2D37 /* Debug */ = {
			isa = XCBuildConfiguration;
			baseConfigurationReference = 020F4DC8938413426904102C /* Pods-Project_19Tests.debug.xcconfig */;
			buildSettings = {
				ALWAYS_EMBED_SWIFT_STANDARD_LIBRARIES = YES;
				BUNDLE_LOADER = "$(TEST_HOST)";
				CODE_SIGN_STYLE = Automatic;
				CURRENT_PROJECT_VERSION = 1;
				DEVELOPMENT_TEAM = Z9R9MJ9T36;
				GENERATE_INFOPLIST_FILE = YES;
				IPHONEOS_DEPLOYMENT_TARGET = 15.5;
				MARKETING_VERSION = 1.0;
				PRODUCT_BUNDLE_IDENTIFIER = "com.danielingo.Project-19Tests";
				PRODUCT_NAME = "$(TARGET_NAME)";
				SWIFT_EMIT_LOC_STRINGS = NO;
				SWIFT_VERSION = 5.0;
				TARGETED_DEVICE_FAMILY = "1,2";
				TEST_HOST = "$(BUILT_PRODUCTS_DIR)/Project_19.app/Project_19";
			};
			name = Debug;
		};
		C8886BCD28C6A366008B2D37 /* Release */ = {
			isa = XCBuildConfiguration;
			baseConfigurationReference = B8D6CAFDBAD977C22B1CF6C0 /* Pods-Project_19Tests.release.xcconfig */;
			buildSettings = {
				ALWAYS_EMBED_SWIFT_STANDARD_LIBRARIES = YES;
				BUNDLE_LOADER = "$(TEST_HOST)";
				CODE_SIGN_STYLE = Automatic;
				CURRENT_PROJECT_VERSION = 1;
				DEVELOPMENT_TEAM = Z9R9MJ9T36;
				GENERATE_INFOPLIST_FILE = YES;
				IPHONEOS_DEPLOYMENT_TARGET = 15.5;
				MARKETING_VERSION = 1.0;
				PRODUCT_BUNDLE_IDENTIFIER = "com.danielingo.Project-19Tests";
				PRODUCT_NAME = "$(TARGET_NAME)";
				SWIFT_EMIT_LOC_STRINGS = NO;
				SWIFT_VERSION = 5.0;
				TARGETED_DEVICE_FAMILY = "1,2";
				TEST_HOST = "$(BUILT_PRODUCTS_DIR)/Project_19.app/Project_19";
			};
			name = Release;
		};
		C8886BCF28C6A366008B2D37 /* Debug */ = {
			isa = XCBuildConfiguration;
			baseConfigurationReference = 8444C26EC84AD0BEEA6B7F69 /* Pods-Project_19-Project_19UITests.debug.xcconfig */;
			buildSettings = {
				ALWAYS_EMBED_SWIFT_STANDARD_LIBRARIES = YES;
				CODE_SIGN_STYLE = Automatic;
				CURRENT_PROJECT_VERSION = 1;
				DEVELOPMENT_TEAM = Z9R9MJ9T36;
				GENERATE_INFOPLIST_FILE = YES;
				MARKETING_VERSION = 1.0;
				PRODUCT_BUNDLE_IDENTIFIER = "com.danielingo.Project-19UITests";
				PRODUCT_NAME = "$(TARGET_NAME)";
				SWIFT_EMIT_LOC_STRINGS = NO;
				SWIFT_VERSION = 5.0;
				TARGETED_DEVICE_FAMILY = "1,2";
				TEST_TARGET_NAME = Project_19;
			};
			name = Debug;
		};
		C8886BD028C6A366008B2D37 /* Release */ = {
			isa = XCBuildConfiguration;
			baseConfigurationReference = 6EF5871B7DDC05D9C1D4CD26 /* Pods-Project_19-Project_19UITests.release.xcconfig */;
			buildSettings = {
				ALWAYS_EMBED_SWIFT_STANDARD_LIBRARIES = YES;
				CODE_SIGN_STYLE = Automatic;
				CURRENT_PROJECT_VERSION = 1;
				DEVELOPMENT_TEAM = Z9R9MJ9T36;
				GENERATE_INFOPLIST_FILE = YES;
				MARKETING_VERSION = 1.0;
				PRODUCT_BUNDLE_IDENTIFIER = "com.danielingo.Project-19UITests";
				PRODUCT_NAME = "$(TARGET_NAME)";
				SWIFT_EMIT_LOC_STRINGS = NO;
				SWIFT_VERSION = 5.0;
				TARGETED_DEVICE_FAMILY = "1,2";
				TEST_TARGET_NAME = Project_19;
			};
			name = Release;
		};
/* End XCBuildConfiguration section */

/* Begin XCConfigurationList section */
		C8886B9A28C6A361008B2D37 /* Build configuration list for PBXProject "Project_19" */ = {
			isa = XCConfigurationList;
			buildConfigurations = (
				C8886BC628C6A366008B2D37 /* Debug */,
				C8886BC728C6A366008B2D37 /* Release */,
			);
			defaultConfigurationIsVisible = 0;
			defaultConfigurationName = Release;
		};
		C8886BC828C6A366008B2D37 /* Build configuration list for PBXNativeTarget "Project_19" */ = {
			isa = XCConfigurationList;
			buildConfigurations = (
				C8886BC928C6A366008B2D37 /* Debug */,
				C8886BCA28C6A366008B2D37 /* Release */,
			);
			defaultConfigurationIsVisible = 0;
			defaultConfigurationName = Release;
		};
		C8886BCB28C6A366008B2D37 /* Build configuration list for PBXNativeTarget "Project_19Tests" */ = {
			isa = XCConfigurationList;
			buildConfigurations = (
				C8886BCC28C6A366008B2D37 /* Debug */,
				C8886BCD28C6A366008B2D37 /* Release */,
			);
			defaultConfigurationIsVisible = 0;
			defaultConfigurationName = Release;
		};
		C8886BCE28C6A366008B2D37 /* Build configuration list for PBXNativeTarget "Project_19UITests" */ = {
			isa = XCConfigurationList;
			buildConfigurations = (
				C8886BCF28C6A366008B2D37 /* Debug */,
				C8886BD028C6A366008B2D37 /* Release */,
			);
			defaultConfigurationIsVisible = 0;
			defaultConfigurationName = Release;
		};
/* End XCConfigurationList section */
	};
	rootObject = C8886B9728C6A361008B2D37 /* Project object */;
}
